// !$*UTF8*$!
{
	archiveVersion = 1;
	classes = {
	};
	objectVersion = 50;
	objects = {

/* Begin PBXBuildFile section */
		BE03D4DF25A5CC6A008B3D97 /* AppDelegate.swift in Sources */ = {isa = PBXBuildFile; fileRef = BE03D4DE25A5CC6A008B3D97 /* AppDelegate.swift */; };
		BE03D4E125A5CC6A008B3D97 /* SceneDelegate.swift in Sources */ = {isa = PBXBuildFile; fileRef = BE03D4E025A5CC6A008B3D97 /* SceneDelegate.swift */; };
		BE03D4E325A5CC6A008B3D97 /* ViewController.swift in Sources */ = {isa = PBXBuildFile; fileRef = BE03D4E225A5CC6A008B3D97 /* ViewController.swift */; };
		BE03D4E825A5CC6C008B3D97 /* Assets.xcassets in Resources */ = {isa = PBXBuildFile; fileRef = BE03D4E725A5CC6C008B3D97 /* Assets.xcassets */; };
		BE03D4EB25A5CC6C008B3D97 /* LaunchScreen.storyboard in Resources */ = {isa = PBXBuildFile; fileRef = BE03D4E925A5CC6C008B3D97 /* LaunchScreen.storyboard */; };
		BE03D52C25A6048A008B3D97 /* IconEntity.swift in Sources */ = {isa = PBXBuildFile; fileRef = BE03D52B25A6048A008B3D97 /* IconEntity.swift */; };
		BE03D52F25A604CE008B3D97 /* result.json in Resources */ = {isa = PBXBuildFile; fileRef = BE03D52E25A604CE008B3D97 /* result.json */; };
		BE03D53425A604E8008B3D97 /* ListEntity.swift in Sources */ = {isa = PBXBuildFile; fileRef = BE03D53125A604E8008B3D97 /* ListEntity.swift */; };
		BE03D53525A604E8008B3D97 /* MenuEntity.swift in Sources */ = {isa = PBXBuildFile; fileRef = BE03D53225A604E8008B3D97 /* MenuEntity.swift */; };
		BE03D53625A604E8008B3D97 /* ResultEntity.swift in Sources */ = {isa = PBXBuildFile; fileRef = BE03D53325A604E8008B3D97 /* ResultEntity.swift */; };
		BE03D53A25A60545008B3D97 /* Parser.swift in Sources */ = {isa = PBXBuildFile; fileRef = BE03D53925A60545008B3D97 /* Parser.swift */; };
		BE16C81E25A74717001A8072 /* CustomCell.swift in Sources */ = {isa = PBXBuildFile; fileRef = BE16C81D25A74717001A8072 /* CustomCell.swift */; };
		BE8AC48E25AB065C00AC9CC0 /* NoticeResources.swift in Sources */ = {isa = PBXBuildFile; fileRef = BE8AC48D25AB065C00AC9CC0 /* NoticeResources.swift */; };
		BE8AC49125AB1EE100AC9CC0 /* ImageView.swift in Sources */ = {isa = PBXBuildFile; fileRef = BE8AC49025AB1EE100AC9CC0 /* ImageView.swift */; };
/* End PBXBuildFile section */

/* Begin PBXFileReference section */
		BE03D4DB25A5CC6A008B3D97 /* TestAvito.app */ = {isa = PBXFileReference; explicitFileType = wrapper.application; includeInIndex = 0; path = TestAvito.app; sourceTree = BUILT_PRODUCTS_DIR; };
		BE03D4DE25A5CC6A008B3D97 /* AppDelegate.swift */ = {isa = PBXFileReference; lastKnownFileType = sourcecode.swift; path = AppDelegate.swift; sourceTree = "<group>"; };
		BE03D4E025A5CC6A008B3D97 /* SceneDelegate.swift */ = {isa = PBXFileReference; lastKnownFileType = sourcecode.swift; path = SceneDelegate.swift; sourceTree = "<group>"; };
		BE03D4E225A5CC6A008B3D97 /* ViewController.swift */ = {isa = PBXFileReference; lastKnownFileType = sourcecode.swift; path = ViewController.swift; sourceTree = "<group>"; };
		BE03D4E725A5CC6C008B3D97 /* Assets.xcassets */ = {isa = PBXFileReference; lastKnownFileType = folder.assetcatalog; path = Assets.xcassets; sourceTree = "<group>"; };
		BE03D4EA25A5CC6C008B3D97 /* Base */ = {isa = PBXFileReference; lastKnownFileType = file.storyboard; name = Base; path = Base.lproj/LaunchScreen.storyboard; sourceTree = "<group>"; };
		BE03D4EC25A5CC6C008B3D97 /* Info.plist */ = {isa = PBXFileReference; lastKnownFileType = text.plist.xml; path = Info.plist; sourceTree = "<group>"; };
		BE03D52B25A6048A008B3D97 /* IconEntity.swift */ = {isa = PBXFileReference; fileEncoding = 4; lastKnownFileType = sourcecode.swift; path = IconEntity.swift; sourceTree = "<group>"; };
		BE03D52E25A604CE008B3D97 /* result.json */ = {isa = PBXFileReference; fileEncoding = 4; lastKnownFileType = text.json; name = result.json; path = ../../../result.json; sourceTree = "<group>"; };
		BE03D53125A604E8008B3D97 /* ListEntity.swift */ = {isa = PBXFileReference; fileEncoding = 4; lastKnownFileType = sourcecode.swift; path = ListEntity.swift; sourceTree = "<group>"; };
		BE03D53225A604E8008B3D97 /* MenuEntity.swift */ = {isa = PBXFileReference; fileEncoding = 4; lastKnownFileType = sourcecode.swift; path = MenuEntity.swift; sourceTree = "<group>"; };
		BE03D53325A604E8008B3D97 /* ResultEntity.swift */ = {isa = PBXFileReference; fileEncoding = 4; lastKnownFileType = sourcecode.swift; path = ResultEntity.swift; sourceTree = "<group>"; };
		BE03D53925A60545008B3D97 /* Parser.swift */ = {isa = PBXFileReference; fileEncoding = 4; lastKnownFileType = sourcecode.swift; path = Parser.swift; sourceTree = "<group>"; };
		BE16C81D25A74717001A8072 /* CustomCell.swift */ = {isa = PBXFileReference; lastKnownFileType = sourcecode.swift; path = CustomCell.swift; sourceTree = "<group>"; };
		BE8AC48D25AB065C00AC9CC0 /* NoticeResources.swift */ = {isa = PBXFileReference; lastKnownFileType = sourcecode.swift; path = NoticeResources.swift; sourceTree = "<group>"; };
		BE8AC49025AB1EE100AC9CC0 /* ImageView.swift */ = {isa = PBXFileReference; lastKnownFileType = sourcecode.swift; path = ImageView.swift; sourceTree = "<group>"; };
/* End PBXFileReference section */

/* Begin PBXFrameworksBuildPhase section */
		BE03D4D825A5CC6A008B3D97 /* Frameworks */ = {
			isa = PBXFrameworksBuildPhase;
			buildActionMask = 2147483647;
			files = (
			);
			runOnlyForDeploymentPostprocessing = 0;
		};
/* End PBXFrameworksBuildPhase section */

/* Begin PBXGroup section */
		BE03D4D225A5CC6A008B3D97 = {
			isa = PBXGroup;
			children = (
				BE03D4DD25A5CC6A008B3D97 /* TestAvito */,
				BE03D4DC25A5CC6A008B3D97 /* Products */,
			);
			sourceTree = "<group>";
		};
		BE03D4DC25A5CC6A008B3D97 /* Products */ = {
			isa = PBXGroup;
			children = (
				BE03D4DB25A5CC6A008B3D97 /* TestAvito.app */,
			);
			name = Products;
			sourceTree = "<group>";
		};
		BE03D4DD25A5CC6A008B3D97 /* TestAvito */ = {
			isa = PBXGroup;
			children = (
				BE03D52225A60421008B3D97 /* Resources */,
				BE03D51725A603D5008B3D97 /* Entities */,
				BEDEB5B525B45EF7000D12EC /* Main */,
				BEDEB5B425B45E96000D12EC /* Application */,
				BE03D4E725A5CC6C008B3D97 /* Assets.xcassets */,
				BE03D4EC25A5CC6C008B3D97 /* Info.plist */,
			);
			path = TestAvito;
			sourceTree = "<group>";
		};
		BE03D51725A603D5008B3D97 /* Entities */ = {
			isa = PBXGroup;
			children = (
				BE03D53925A60545008B3D97 /* Parser.swift */,
				BE03D52E25A604CE008B3D97 /* result.json */,
				BE8AC48D25AB065C00AC9CC0 /* NoticeResources.swift */,
				BE8AC49025AB1EE100AC9CC0 /* ImageView.swift */,
			);
			path = Entities;
			sourceTree = "<group>";
		};
		BE03D52225A60421008B3D97 /* Resources */ = {
			isa = PBXGroup;
			children = (
				BE03D52B25A6048A008B3D97 /* IconEntity.swift */,
				BE03D53125A604E8008B3D97 /* ListEntity.swift */,
				BE03D53225A604E8008B3D97 /* MenuEntity.swift */,
				BE03D53325A604E8008B3D97 /* ResultEntity.swift */,
			);
			path = Resources;
			sourceTree = "<group>";
		};
		BEDEB5B425B45E96000D12EC /* Application */ = {
			isa = PBXGroup;
			children = (
				BE03D4DE25A5CC6A008B3D97 /* AppDelegate.swift */,
				BE03D4E025A5CC6A008B3D97 /* SceneDelegate.swift */,
				BE03D4E925A5CC6C008B3D97 /* LaunchScreen.storyboard */,
			);
			path = Application;
			sourceTree = "<group>";
		};
		BEDEB5B525B45EF7000D12EC /* Main */ = {
			isa = PBXGroup;
			children = (
				BE16C81D25A74717001A8072 /* CustomCell.swift */,
				BE03D4E225A5CC6A008B3D97 /* ViewController.swift */,
			);
			path = Main;
			sourceTree = "<group>";
		};
/* End PBXGroup section */

/* Begin PBXNativeTarget section */
		BE03D4DA25A5CC6A008B3D97 /* TestAvito */ = {
			isa = PBXNativeTarget;
			buildConfigurationList = BE03D4EF25A5CC6C008B3D97 /* Build configuration list for PBXNativeTarget "TestAvito" */;
			buildPhases = (
				BE03D4D725A5CC6A008B3D97 /* Sources */,
				BE03D4D825A5CC6A008B3D97 /* Frameworks */,
				BE03D4D925A5CC6A008B3D97 /* Resources */,
			);
			buildRules = (
			);
			dependencies = (
			);
			name = TestAvito;
			productName = TestAvito;
			productReference = BE03D4DB25A5CC6A008B3D97 /* TestAvito.app */;
			productType = "com.apple.product-type.application";
		};
/* End PBXNativeTarget section */

/* Begin PBXProject section */
		BE03D4D325A5CC6A008B3D97 /* Project object */ = {
			isa = PBXProject;
			attributes = {
				LastSwiftUpdateCheck = 1230;
				LastUpgradeCheck = 1230;
				TargetAttributes = {
					BE03D4DA25A5CC6A008B3D97 = {
						CreatedOnToolsVersion = 12.3;
					};
				};
			};
			buildConfigurationList = BE03D4D625A5CC6A008B3D97 /* Build configuration list for PBXProject "TestAvito" */;
			compatibilityVersion = "Xcode 9.3";
			developmentRegion = en;
			hasScannedForEncodings = 0;
			knownRegions = (
				en,
				Base,
			);
			mainGroup = BE03D4D225A5CC6A008B3D97;
			productRefGroup = BE03D4DC25A5CC6A008B3D97 /* Products */;
			projectDirPath = "";
			projectRoot = "";
			targets = (
				BE03D4DA25A5CC6A008B3D97 /* TestAvito */,
			);
		};
/* End PBXProject section */

/* Begin PBXResourcesBuildPhase section */
		BE03D4D925A5CC6A008B3D97 /* Resources */ = {
			isa = PBXResourcesBuildPhase;
			buildActionMask = 2147483647;
			files = (
				BE03D4EB25A5CC6C008B3D97 /* LaunchScreen.storyboard in Resources */,
				BE03D4E825A5CC6C008B3D97 /* Assets.xcassets in Resources */,
				BE03D52F25A604CE008B3D97 /* result.json in Resources */,
			);
			runOnlyForDeploymentPostprocessing = 0;
		};
/* End PBXResourcesBuildPhase section */

/* Begin PBXSourcesBuildPhase section */
		BE03D4D725A5CC6A008B3D97 /* Sources */ = {
			isa = PBXSourcesBuildPhase;
			buildActionMask = 2147483647;
			files = (
				BE03D53425A604E8008B3D97 /* ListEntity.swift in Sources */,
				BE8AC48E25AB065C00AC9CC0 /* NoticeResources.swift in Sources */,
				BE03D53625A604E8008B3D97 /* ResultEntity.swift in Sources */,
				BE03D53525A604E8008B3D97 /* MenuEntity.swift in Sources */,
				BE8AC49125AB1EE100AC9CC0 /* ImageView.swift in Sources */,
				BE03D4E325A5CC6A008B3D97 /* ViewController.swift in Sources */,
				BE03D53A25A60545008B3D97 /* Parser.swift in Sources */,
				BE03D4DF25A5CC6A008B3D97 /* AppDelegate.swift in Sources */,
				BE16C81E25A74717001A8072 /* CustomCell.swift in Sources */,
				BE03D52C25A6048A008B3D97 /* IconEntity.swift in Sources */,
				BE03D4E125A5CC6A008B3D97 /* SceneDelegate.swift in Sources */,
			);
			runOnlyForDeploymentPostprocessing = 0;
		};
/* End PBXSourcesBuildPhase section */

/* Begin PBXVariantGroup section */
		BE03D4E925A5CC6C008B3D97 /* LaunchScreen.storyboard */ = {
			isa = PBXVariantGroup;
			children = (
				BE03D4EA25A5CC6C008B3D97 /* Base */,
			);
			name = LaunchScreen.storyboard;
			sourceTree = "<group>";
		};
/* End PBXVariantGroup section */

/* Begin XCBuildConfiguration section */
		BE03D4ED25A5CC6C008B3D97 /* Debug */ = {
			isa = XCBuildConfiguration;
			buildSettings = {
				ALWAYS_SEARCH_USER_PATHS = NO;
				CLANG_ANALYZER_NONNULL = YES;
				CLANG_ANALYZER_NUMBER_OBJECT_CONVERSION = YES_AGGRESSIVE;
				CLANG_CXX_LANGUAGE_STANDARD = "gnu++14";
				CLANG_CXX_LIBRARY = "libc++";
				CLANG_ENABLE_MODULES = YES;
				CLANG_ENABLE_OBJC_ARC = YES;
				CLANG_ENABLE_OBJC_WEAK = YES;
				CLANG_WARN_BLOCK_CAPTURE_AUTORELEASING = YES;
				CLANG_WARN_BOOL_CONVERSION = YES;
				CLANG_WARN_COMMA = YES;
				CLANG_WARN_CONSTANT_CONVERSION = YES;
				CLANG_WARN_DEPRECATED_OBJC_IMPLEMENTATIONS = YES;
				CLANG_WARN_DIRECT_OBJC_ISA_USAGE = YES_ERROR;
				CLANG_WARN_DOCUMENTATION_COMMENTS = YES;
				CLANG_WARN_EMPTY_BODY = YES;
				CLANG_WARN_ENUM_CONVERSION = YES;
				CLANG_WARN_INFINITE_RECURSION = YES;
				CLANG_WARN_INT_CONVERSION = YES;
				CLANG_WARN_NON_LITERAL_NULL_CONVERSION = YES;
				CLANG_WARN_OBJC_IMPLICIT_RETAIN_SELF = YES;
				CLANG_WARN_OBJC_LITERAL_CONVERSION = YES;
				CLANG_WARN_OBJC_ROOT_CLASS = YES_ERROR;
				CLANG_WARN_QUOTED_INCLUDE_IN_FRAMEWORK_HEADER = YES;
				CLANG_WARN_RANGE_LOOP_ANALYSIS = YES;
				CLANG_WARN_STRICT_PROTOTYPES = YES;
				CLANG_WARN_SUSPICIOUS_MOVE = YES;
				CLANG_WARN_UNGUARDED_AVAILABILITY = YES_AGGRESSIVE;
				CLANG_WARN_UNREACHABLE_CODE = YES;
				CLANG_WARN__DUPLICATE_METHOD_MATCH = YES;
				COPY_PHASE_STRIP = NO;
				DEBUG_INFORMATION_FORMAT = dwarf;
				ENABLE_STRICT_OBJC_MSGSEND = YES;
				ENABLE_TESTABILITY = YES;
				GCC_C_LANGUAGE_STANDARD = gnu11;
				GCC_DYNAMIC_NO_PIC = NO;
				GCC_NO_COMMON_BLOCKS = YES;
				GCC_OPTIMIZATION_LEVEL = 0;
				GCC_PREPROCESSOR_DEFINITIONS = (
					"DEBUG=1",
					"$(inherited)",
				);
				GCC_WARN_64_TO_32_BIT_CONVERSION = YES;
				GCC_WARN_ABOUT_RETURN_TYPE = YES_ERROR;
				GCC_WARN_UNDECLARED_SELECTOR = YES;
				GCC_WARN_UNINITIALIZED_AUTOS = YES_AGGRESSIVE;
				GCC_WARN_UNUSED_FUNCTION = YES;
				GCC_WARN_UNUSED_VARIABLE = YES;
				IPHONEOS_DEPLOYMENT_TARGET = 14.3;
				MTL_ENABLE_DEBUG_INFO = INCLUDE_SOURCE;
				MTL_FAST_MATH = YES;
				ONLY_ACTIVE_ARCH = YES;
				SDKROOT = iphoneos;
				SWIFT_ACTIVE_COMPILATION_CONDITIONS = DEBUG;
				SWIFT_OPTIMIZATION_LEVEL = "-Onone";
			};
			name = Debug;
		};
		BE03D4EE25A5CC6C008B3D97 /* Release */ = {
			isa = XCBuildConfiguration;
			buildSettings = {
				ALWAYS_SEARCH_USER_PATHS = NO;
				CLANG_ANALYZER_NONNULL = YES;
				CLANG_ANALYZER_NUMBER_OBJECT_CONVERSION = YES_AGGRESSIVE;
				CLANG_CXX_LANGUAGE_STANDARD = "gnu++14";
				CLANG_CXX_LIBRARY = "libc++";
				CLANG_ENABLE_MODULES = YES;
				CLANG_ENABLE_OBJC_ARC = YES;
				CLANG_ENABLE_OBJC_WEAK = YES;
				CLANG_WARN_BLOCK_CAPTURE_AUTORELEASING = YES;
				CLANG_WARN_BOOL_CONVERSION = YES;
				CLANG_WARN_COMMA = YES;
				CLANG_WARN_CONSTANT_CONVERSION = YES;
				CLANG_WARN_DEPRECATED_OBJC_IMPLEMENTATIONS = YES;
				CLANG_WARN_DIRECT_OBJC_ISA_USAGE = YES_ERROR;
				CLANG_WARN_DOCUMENTATION_COMMENTS = YES;
				CLANG_WARN_EMPTY_BODY = YES;
				CLANG_WARN_ENUM_CONVERSION = YES;
				CLANG_WARN_INFINITE_RECURSION = YES;
				CLANG_WARN_INT_CONVERSION = YES;
				CLANG_WARN_NON_LITERAL_NULL_CONVERSION = YES;
				CLANG_WARN_OBJC_IMPLICIT_RETAIN_SELF = YES;
				CLANG_WARN_OBJC_LITERAL_CONVERSION = YES;
				CLANG_WARN_OBJC_ROOT_CLASS = YES_ERROR;
				CLANG_WARN_QUOTED_INCLUDE_IN_FRAMEWORK_HEADER = YES;
				CLANG_WARN_RANGE_LOOP_ANALYSIS = YES;
				CLANG_WARN_STRICT_PROTOTYPES = YES;
				CLANG_WARN_SUSPICIOUS_MOVE = YES;
				CLANG_WARN_UNGUARDED_AVAILABILITY = YES_AGGRESSIVE;
				CLANG_WARN_UNREACHABLE_CODE = YES;
				CLANG_WARN__DUPLICATE_METHOD_MATCH = YES;
				COPY_PHASE_STRIP = NO;
				DEBUG_INFORMATION_FORMAT = "dwarf-with-dsym";
				ENABLE_NS_ASSERTIONS = NO;
				ENABLE_STRICT_OBJC_MSGSEND = YES;
				GCC_C_LANGUAGE_STANDARD = gnu11;
				GCC_NO_COMMON_BLOCKS = YES;
				GCC_WARN_64_TO_32_BIT_CONVERSION = YES;
				GCC_WARN_ABOUT_RETURN_TYPE = YES_ERROR;
				GCC_WARN_UNDECLARED_SELECTOR = YES;
				GCC_WARN_UNINITIALIZED_AUTOS = YES_AGGRESSIVE;
				GCC_WARN_UNUSED_FUNCTION = YES;
				GCC_WARN_UNUSED_VARIABLE = YES;
				IPHONEOS_DEPLOYMENT_TARGET = 14.3;
				MTL_ENABLE_DEBUG_INFO = NO;
				MTL_FAST_MATH = YES;
				SDKROOT = iphoneos;
				SWIFT_COMPILATION_MODE = wholemodule;
				SWIFT_OPTIMIZATION_LEVEL = "-O";
				VALIDATE_PRODUCT = YES;
			};
			name = Release;
		};
		BE03D4F025A5CC6C008B3D97 /* Debug */ = {
			isa = XCBuildConfiguration;
			buildSettings = {
				ASSETCATALOG_COMPILER_APPICON_NAME = AppIcon;
				ASSETCATALOG_COMPILER_GLOBAL_ACCENT_COLOR_NAME = AccentColor;
				CODE_SIGN_STYLE = Automatic;
				DEVELOPMENT_TEAM = VP9N6X2688;
				INFOPLIST_FILE = TestAvito/Info.plist;
				LD_RUNPATH_SEARCH_PATHS = (
					"$(inherited)",
					"@executable_path/Frameworks",
				);
				PRODUCT_BUNDLE_IDENTIFIER = VictoriyaVorobeva.TestAvito;
				PRODUCT_NAME = "$(TARGET_NAME)";
				SWIFT_VERSION = 5.0;
				TARGETED_DEVICE_FAMILY = "1,2";
			};
			name = Debug;
		};
		BE03D4F125A5CC6C008B3D97 /* Release */ = {
			isa = XCBuildConfiguration;
			buildSettings = {
				ASSETCATALOG_COMPILER_APPICON_NAME = AppIcon;
				ASSETCATALOG_COMPILER_GLOBAL_ACCENT_COLOR_NAME = AccentColor;
				CODE_SIGN_STYLE = Automatic;
				DEVELOPMENT_TEAM = VP9N6X2688;
				INFOPLIST_FILE = TestAvito/Info.plist;
				LD_RUNPATH_SEARCH_PATHS = (
					"$(inherited)",
					"@executable_path/Frameworks",
				);
				PRODUCT_BUNDLE_IDENTIFIER = VictoriyaVorobeva.TestAvito;
				PRODUCT_NAME = "$(TARGET_NAME)";
				SWIFT_VERSION = 5.0;
				TARGETED_DEVICE_FAMILY = "1,2";
			};
			name = Release;
		};
/* End XCBuildConfiguration section */

/* Begin XCConfigurationList section */
		BE03D4D625A5CC6A008B3D97 /* Build configuration list for PBXProject "TestAvito" */ = {
			isa = XCConfigurationList;
			buildConfigurations = (
				BE03D4ED25A5CC6C008B3D97 /* Debug */,
				BE03D4EE25A5CC6C008B3D97 /* Release */,
			);
			defaultConfigurationIsVisible = 0;
			defaultConfigurationName = Release;
		};
		BE03D4EF25A5CC6C008B3D97 /* Build configuration list for PBXNativeTarget "TestAvito" */ = {
			isa = XCConfigurationList;
			buildConfigurations = (
				BE03D4F025A5CC6C008B3D97 /* Debug */,
				BE03D4F125A5CC6C008B3D97 /* Release */,
			);
			defaultConfigurationIsVisible = 0;
			defaultConfigurationName = Release;
		};
/* End XCConfigurationList section */
	};
	rootObject = BE03D4D325A5CC6A008B3D97 /* Project object */;
}
